{
  "requires": true,
  "lockfileVersion": 1,
  "dependencies": {
    "bulma-helpers": {
      "version": "0.4.0",
      "resolved": "https://registry.npmjs.org/bulma-helpers/-/bulma-helpers-0.4.0.tgz",
      "integrity": "sha512-N1+hW7tzEb8DaWLbBXhqM9zYay18c99Zw2WtzBiovXPWv/BtSDUVk0IOqmPT+4p6JjFFc1filZ4IY1mLmh+hcA=="
    }
  }
}
